// !$*UTF8*$!
{
	archiveVersion = 1;
	classes = {
	};
	objectVersion = 50;
	objects = {

/* Begin PBXBuildFile section */
		182FABE8241E796A00388F3D /* AppDelegate.swift in Sources */ = {isa = PBXBuildFile; fileRef = 182FABE7241E796A00388F3D /* AppDelegate.swift */; };
		182FABEA241E796A00388F3D /* SceneDelegate.swift in Sources */ = {isa = PBXBuildFile; fileRef = 182FABE9241E796A00388F3D /* SceneDelegate.swift */; };
		182FABEC241E796A00388F3D /* FeedViewController.swift in Sources */ = {isa = PBXBuildFile; fileRef = 182FABEB241E796A00388F3D /* FeedViewController.swift */; };
		182FABEF241E796A00388F3D /* Main.storyboard in Resources */ = {isa = PBXBuildFile; fileRef = 182FABED241E796A00388F3D /* Main.storyboard */; };
		182FABF1241E796C00388F3D /* Assets.xcassets in Resources */ = {isa = PBXBuildFile; fileRef = 182FABF0241E796C00388F3D /* Assets.xcassets */; };
		182FABF4241E796C00388F3D /* LaunchScreen.storyboard in Resources */ = {isa = PBXBuildFile; fileRef = 182FABF2241E796C00388F3D /* LaunchScreen.storyboard */; };
		182FAC02241EC5E700388F3D /* RelativeVelocity.swift in Sources */ = {isa = PBXBuildFile; fileRef = 182FAC01241EC5E700388F3D /* RelativeVelocity.swift */; };
		182FAC04241EC60400388F3D /* MissDistance.swift in Sources */ = {isa = PBXBuildFile; fileRef = 182FAC03241EC60300388F3D /* MissDistance.swift */; };
		182FAC06241EC78F00388F3D /* CloseApproachData.swift in Sources */ = {isa = PBXBuildFile; fileRef = 182FAC05241EC78F00388F3D /* CloseApproachData.swift */; };
		182FAC08241EC7A400388F3D /* Asteriod.swift in Sources */ = {isa = PBXBuildFile; fileRef = 182FAC07241EC7A400388F3D /* Asteriod.swift */; };
		182FAC0A241EC7BE00388F3D /* Links.swift in Sources */ = {isa = PBXBuildFile; fileRef = 182FAC09241EC7BE00388F3D /* Links.swift */; };
		182FAC0C241EC7D400388F3D /* Asteriods.swift in Sources */ = {isa = PBXBuildFile; fileRef = 182FAC0B241EC7D400388F3D /* Asteriods.swift */; };
		182FAC0E241EC80000388F3D /* NASAAPIClient.swift in Sources */ = {isa = PBXBuildFile; fileRef = 182FAC0D241EC80000388F3D /* NASAAPIClient.swift */; };
		182FAC11241EDFD300388F3D /* FeedTableViewCell.swift in Sources */ = {isa = PBXBuildFile; fileRef = 182FAC10241EDFD300388F3D /* FeedTableViewCell.swift */; };
/* End PBXBuildFile section */

/* Begin PBXFileReference section */
		182FABE4241E796A00388F3D /* NASA-NeoWs.app */ = {isa = PBXFileReference; explicitFileType = wrapper.application; includeInIndex = 0; path = "NASA-NeoWs.app"; sourceTree = BUILT_PRODUCTS_DIR; };
		182FABE7241E796A00388F3D /* AppDelegate.swift */ = {isa = PBXFileReference; lastKnownFileType = sourcecode.swift; path = AppDelegate.swift; sourceTree = "<group>"; };
		182FABE9241E796A00388F3D /* SceneDelegate.swift */ = {isa = PBXFileReference; lastKnownFileType = sourcecode.swift; path = SceneDelegate.swift; sourceTree = "<group>"; };
		182FABEB241E796A00388F3D /* FeedViewController.swift */ = {isa = PBXFileReference; lastKnownFileType = sourcecode.swift; path = FeedViewController.swift; sourceTree = "<group>"; };
		182FABEE241E796A00388F3D /* Base */ = {isa = PBXFileReference; lastKnownFileType = file.storyboard; name = Base; path = Base.lproj/Main.storyboard; sourceTree = "<group>"; };
		182FABF0241E796C00388F3D /* Assets.xcassets */ = {isa = PBXFileReference; lastKnownFileType = folder.assetcatalog; path = Assets.xcassets; sourceTree = "<group>"; };
		182FABF3241E796C00388F3D /* Base */ = {isa = PBXFileReference; lastKnownFileType = file.storyboard; name = Base; path = Base.lproj/LaunchScreen.storyboard; sourceTree = "<group>"; };
		182FABF5241E796C00388F3D /* Info.plist */ = {isa = PBXFileReference; lastKnownFileType = text.plist.xml; path = Info.plist; sourceTree = "<group>"; };
		182FABFF241EC3CA00388F3D /* FeedApiJsonParsing.playground */ = {isa = PBXFileReference; lastKnownFileType = file.playground; path = FeedApiJsonParsing.playground; sourceTree = "<group>"; xcLanguageSpecificationIdentifier = xcode.lang.swift; };
		182FAC01241EC5E700388F3D /* RelativeVelocity.swift */ = {isa = PBXFileReference; lastKnownFileType = sourcecode.swift; path = RelativeVelocity.swift; sourceTree = "<group>"; };
		182FAC03241EC60300388F3D /* MissDistance.swift */ = {isa = PBXFileReference; lastKnownFileType = sourcecode.swift; path = MissDistance.swift; sourceTree = "<group>"; };
		182FAC05241EC78F00388F3D /* CloseApproachData.swift */ = {isa = PBXFileReference; lastKnownFileType = sourcecode.swift; path = CloseApproachData.swift; sourceTree = "<group>"; };
		182FAC07241EC7A400388F3D /* Asteriod.swift */ = {isa = PBXFileReference; lastKnownFileType = sourcecode.swift; path = Asteriod.swift; sourceTree = "<group>"; };
		182FAC09241EC7BE00388F3D /* Links.swift */ = {isa = PBXFileReference; lastKnownFileType = sourcecode.swift; path = Links.swift; sourceTree = "<group>"; };
		182FAC0B241EC7D400388F3D /* Asteriods.swift */ = {isa = PBXFileReference; lastKnownFileType = sourcecode.swift; path = Asteriods.swift; sourceTree = "<group>"; };
		182FAC0D241EC80000388F3D /* NASAAPIClient.swift */ = {isa = PBXFileReference; lastKnownFileType = sourcecode.swift; path = NASAAPIClient.swift; sourceTree = "<group>"; };
		182FAC10241EDFD300388F3D /* FeedTableViewCell.swift */ = {isa = PBXFileReference; lastKnownFileType = sourcecode.swift; path = FeedTableViewCell.swift; sourceTree = "<group>"; };
/* End PBXFileReference section */

/* Begin PBXFrameworksBuildPhase section */
		182FABE1241E796A00388F3D /* Frameworks */ = {
			isa = PBXFrameworksBuildPhase;
			buildActionMask = 2147483647;
			files = (
			);
			runOnlyForDeploymentPostprocessing = 0;
		};
/* End PBXFrameworksBuildPhase section */

/* Begin PBXGroup section */
		182FABDB241E796A00388F3D = {
			isa = PBXGroup;
			children = (
				182FABE6241E796A00388F3D /* NASA-NeoWs */,
				182FABE5241E796A00388F3D /* Products */,
			);
			sourceTree = "<group>";
		};
		182FABE5241E796A00388F3D /* Products */ = {
			isa = PBXGroup;
			children = (
				182FABE4241E796A00388F3D /* NASA-NeoWs.app */,
			);
			name = Products;
			sourceTree = "<group>";
		};
		182FABE6241E796A00388F3D /* NASA-NeoWs */ = {
			isa = PBXGroup;
			children = (
				182FABFD241EC35700388F3D /* Controller */,
				182FABFC241EC35100388F3D /* View */,
				182FABFB241EC34A00388F3D /* Model */,
				182FABE7241E796A00388F3D /* AppDelegate.swift */,
				182FABE9241E796A00388F3D /* SceneDelegate.swift */,
				182FABF0241E796C00388F3D /* Assets.xcassets */,
				182FABF5241E796C00388F3D /* Info.plist */,
			);
			path = "NASA-NeoWs";
			sourceTree = "<group>";
		};
		182FABFB241EC34A00388F3D /* Model */ = {
			isa = PBXGroup;
			children = (
				182FAC00241EC5BA00388F3D /* NetworkResponses */,
				182FABFE241EC38200388F3D /* Playgrounds */,
				182FAC0D241EC80000388F3D /* NASAAPIClient.swift */,
			);
			path = Model;
			sourceTree = "<group>";
		};
		182FABFC241EC35100388F3D /* View */ = {
			isa = PBXGroup;
			children = (
				182FAC0F241EDFB900388F3D /* CustomViews */,
				182FABED241E796A00388F3D /* Main.storyboard */,
				182FABF2241E796C00388F3D /* LaunchScreen.storyboard */,
			);
			path = View;
			sourceTree = "<group>";
		};
		182FABFD241EC35700388F3D /* Controller */ = {
			isa = PBXGroup;
			children = (
				182FABEB241E796A00388F3D /* FeedViewController.swift */,
			);
			path = Controller;
			sourceTree = "<group>";
		};
		182FABFE241EC38200388F3D /* Playgrounds */ = {
			isa = PBXGroup;
			children = (
				182FABFF241EC3CA00388F3D /* FeedApiJsonParsing.playground */,
			);
			path = Playgrounds;
			sourceTree = "<group>";
		};
		182FAC00241EC5BA00388F3D /* NetworkResponses */ = {
			isa = PBXGroup;
			children = (
				182FAC01241EC5E700388F3D /* RelativeVelocity.swift */,
				182FAC03241EC60300388F3D /* MissDistance.swift */,
				182FAC05241EC78F00388F3D /* CloseApproachData.swift */,
				182FAC07241EC7A400388F3D /* Asteriod.swift */,
				182FAC09241EC7BE00388F3D /* Links.swift */,
				182FAC0B241EC7D400388F3D /* Asteriods.swift */,
			);
			path = NetworkResponses;
			sourceTree = "<group>";
		};
		182FAC0F241EDFB900388F3D /* CustomViews */ = {
			isa = PBXGroup;
			children = (
				182FAC10241EDFD300388F3D /* FeedTableViewCell.swift */,
			);
			path = CustomViews;
			sourceTree = "<group>";
		};
/* End PBXGroup section */

/* Begin PBXNativeTarget section */
		182FABE3241E796A00388F3D /* NASA-NeoWs */ = {
			isa = PBXNativeTarget;
			buildConfigurationList = 182FABF8241E796C00388F3D /* Build configuration list for PBXNativeTarget "NASA-NeoWs" */;
			buildPhases = (
				182FABE0241E796A00388F3D /* Sources */,
				182FABE1241E796A00388F3D /* Frameworks */,
				182FABE2241E796A00388F3D /* Resources */,
			);
			buildRules = (
			);
			dependencies = (
			);
			name = "NASA-NeoWs";
			productName = "NASA-NeoWs";
			productReference = 182FABE4241E796A00388F3D /* NASA-NeoWs.app */;
			productType = "com.apple.product-type.application";
		};
/* End PBXNativeTarget section */

/* Begin PBXProject section */
		182FABDC241E796A00388F3D /* Project object */ = {
			isa = PBXProject;
			attributes = {
				LastSwiftUpdateCheck = 1130;
				LastUpgradeCheck = 1130;
				ORGANIZATIONNAME = "RR Inc.";
				TargetAttributes = {
					182FABE3241E796A00388F3D = {
						CreatedOnToolsVersion = 11.3.1;
					};
				};
			};
			buildConfigurationList = 182FABDF241E796A00388F3D /* Build configuration list for PBXProject "NASA-NeoWs" */;
			compatibilityVersion = "Xcode 9.3";
			developmentRegion = en;
			hasScannedForEncodings = 0;
			knownRegions = (
				en,
				Base,
			);
			mainGroup = 182FABDB241E796A00388F3D;
			productRefGroup = 182FABE5241E796A00388F3D /* Products */;
			projectDirPath = "";
			projectRoot = "";
			targets = (
				182FABE3241E796A00388F3D /* NASA-NeoWs */,
			);
		};
/* End PBXProject section */

/* Begin PBXResourcesBuildPhase section */
		182FABE2241E796A00388F3D /* Resources */ = {
			isa = PBXResourcesBuildPhase;
			buildActionMask = 2147483647;
			files = (
				182FABF4241E796C00388F3D /* LaunchScreen.storyboard in Resources */,
				182FABF1241E796C00388F3D /* Assets.xcassets in Resources */,
				182FABEF241E796A00388F3D /* Main.storyboard in Resources */,
			);
			runOnlyForDeploymentPostprocessing = 0;
		};
/* End PBXResourcesBuildPhase section */

/* Begin PBXSourcesBuildPhase section */
		182FABE0241E796A00388F3D /* Sources */ = {
			isa = PBXSourcesBuildPhase;
			buildActionMask = 2147483647;
			files = (
				182FAC06241EC78F00388F3D /* CloseApproachData.swift in Sources */,
				182FAC0C241EC7D400388F3D /* Asteriods.swift in Sources */,
				182FAC02241EC5E700388F3D /* RelativeVelocity.swift in Sources */,
				182FABEC241E796A00388F3D /* FeedViewController.swift in Sources */,
				182FAC04241EC60400388F3D /* MissDistance.swift in Sources */,
				182FABE8241E796A00388F3D /* AppDelegate.swift in Sources */,
				182FAC08241EC7A400388F3D /* Asteriod.swift in Sources */,
				182FABEA241E796A00388F3D /* SceneDelegate.swift in Sources */,
				182FAC0E241EC80000388F3D /* NASAAPIClient.swift in Sources */,
				182FAC0A241EC7BE00388F3D /* Links.swift in Sources */,
				182FAC11241EDFD300388F3D /* FeedTableViewCell.swift in Sources */,
			);
			runOnlyForDeploymentPostprocessing = 0;
		};
/* End PBXSourcesBuildPhase section */

/* Begin PBXVariantGroup section */
		182FABED241E796A00388F3D /* Main.storyboard */ = {
			isa = PBXVariantGroup;
			children = (
				182FABEE241E796A00388F3D /* Base */,
			);
			name = Main.storyboard;
			sourceTree = "<group>";
		};
		182FABF2241E796C00388F3D /* LaunchScreen.storyboard */ = {
			isa = PBXVariantGroup;
			children = (
				182FABF3241E796C00388F3D /* Base */,
			);
			name = LaunchScreen.storyboard;
			sourceTree = "<group>";
		};
/* End PBXVariantGroup section */

/* Begin XCBuildConfiguration section */
		182FABF6241E796C00388F3D /* Debug */ = {
			isa = XCBuildConfiguration;
			buildSettings = {
				ALWAYS_SEARCH_USER_PATHS = NO;
				CLANG_ANALYZER_NONNULL = YES;
				CLANG_ANALYZER_NUMBER_OBJECT_CONVERSION = YES_AGGRESSIVE;
				CLANG_CXX_LANGUAGE_STANDARD = "gnu++14";
				CLANG_CXX_LIBRARY = "libc++";
				CLANG_ENABLE_MODULES = YES;
				CLANG_ENABLE_OBJC_ARC = YES;
				CLANG_ENABLE_OBJC_WEAK = YES;
				CLANG_WARN_BLOCK_CAPTURE_AUTORELEASING = YES;
				CLANG_WARN_BOOL_CONVERSION = YES;
				CLANG_WARN_COMMA = YES;
				CLANG_WARN_CONSTANT_CONVERSION = YES;
				CLANG_WARN_DEPRECATED_OBJC_IMPLEMENTATIONS = YES;
				CLANG_WARN_DIRECT_OBJC_ISA_USAGE = YES_ERROR;
				CLANG_WARN_DOCUMENTATION_COMMENTS = YES;
				CLANG_WARN_EMPTY_BODY = YES;
				CLANG_WARN_ENUM_CONVERSION = YES;
				CLANG_WARN_INFINITE_RECURSION = YES;
				CLANG_WARN_INT_CONVERSION = YES;
				CLANG_WARN_NON_LITERAL_NULL_CONVERSION = YES;
				CLANG_WARN_OBJC_IMPLICIT_RETAIN_SELF = YES;
				CLANG_WARN_OBJC_LITERAL_CONVERSION = YES;
				CLANG_WARN_OBJC_ROOT_CLASS = YES_ERROR;
				CLANG_WARN_RANGE_LOOP_ANALYSIS = YES;
				CLANG_WARN_STRICT_PROTOTYPES = YES;
				CLANG_WARN_SUSPICIOUS_MOVE = YES;
				CLANG_WARN_UNGUARDED_AVAILABILITY = YES_AGGRESSIVE;
				CLANG_WARN_UNREACHABLE_CODE = YES;
				CLANG_WARN__DUPLICATE_METHOD_MATCH = YES;
				COPY_PHASE_STRIP = NO;
				DEBUG_INFORMATION_FORMAT = dwarf;
				ENABLE_STRICT_OBJC_MSGSEND = YES;
				ENABLE_TESTABILITY = YES;
				GCC_C_LANGUAGE_STANDARD = gnu11;
				GCC_DYNAMIC_NO_PIC = NO;
				GCC_NO_COMMON_BLOCKS = YES;
				GCC_OPTIMIZATION_LEVEL = 0;
				GCC_PREPROCESSOR_DEFINITIONS = (
					"DEBUG=1",
					"$(inherited)",
				);
				GCC_WARN_64_TO_32_BIT_CONVERSION = YES;
				GCC_WARN_ABOUT_RETURN_TYPE = YES_ERROR;
				GCC_WARN_UNDECLARED_SELECTOR = YES;
				GCC_WARN_UNINITIALIZED_AUTOS = YES_AGGRESSIVE;
				GCC_WARN_UNUSED_FUNCTION = YES;
				GCC_WARN_UNUSED_VARIABLE = YES;
				IPHONEOS_DEPLOYMENT_TARGET = 13.2;
				MTL_ENABLE_DEBUG_INFO = INCLUDE_SOURCE;
				MTL_FAST_MATH = YES;
				ONLY_ACTIVE_ARCH = YES;
				SDKROOT = iphoneos;
				SWIFT_ACTIVE_COMPILATION_CONDITIONS = DEBUG;
				SWIFT_OPTIMIZATION_LEVEL = "-Onone";
			};
			name = Debug;
		};
		182FABF7241E796C00388F3D /* Release */ = {
			isa = XCBuildConfiguration;
			buildSettings = {
				ALWAYS_SEARCH_USER_PATHS = NO;
				CLANG_ANALYZER_NONNULL = YES;
				CLANG_ANALYZER_NUMBER_OBJECT_CONVERSION = YES_AGGRESSIVE;
				CLANG_CXX_LANGUAGE_STANDARD = "gnu++14";
				CLANG_CXX_LIBRARY = "libc++";
				CLANG_ENABLE_MODULES = YES;
				CLANG_ENABLE_OBJC_ARC = YES;
				CLANG_ENABLE_OBJC_WEAK = YES;
				CLANG_WARN_BLOCK_CAPTURE_AUTORELEASING = YES;
				CLANG_WARN_BOOL_CONVERSION = YES;
				CLANG_WARN_COMMA = YES;
				CLANG_WARN_CONSTANT_CONVERSION = YES;
				CLANG_WARN_DEPRECATED_OBJC_IMPLEMENTATIONS = YES;
				CLANG_WARN_DIRECT_OBJC_ISA_USAGE = YES_ERROR;
				CLANG_WARN_DOCUMENTATION_COMMENTS = YES;
				CLANG_WARN_EMPTY_BODY = YES;
				CLANG_WARN_ENUM_CONVERSION = YES;
				CLANG_WARN_INFINITE_RECURSION = YES;
				CLANG_WARN_INT_CONVERSION = YES;
				CLANG_WARN_NON_LITERAL_NULL_CONVERSION = YES;
				CLANG_WARN_OBJC_IMPLICIT_RETAIN_SELF = YES;
				CLANG_WARN_OBJC_LITERAL_CONVERSION = YES;
				CLANG_WARN_OBJC_ROOT_CLASS = YES_ERROR;
				CLANG_WARN_RANGE_LOOP_ANALYSIS = YES;
				CLANG_WARN_STRICT_PROTOTYPES = YES;
				CLANG_WARN_SUSPICIOUS_MOVE = YES;
				CLANG_WARN_UNGUARDED_AVAILABILITY = YES_AGGRESSIVE;
				CLANG_WARN_UNREACHABLE_CODE = YES;
				CLANG_WARN__DUPLICATE_METHOD_MATCH = YES;
				COPY_PHASE_STRIP = NO;
				DEBUG_INFORMATION_FORMAT = "dwarf-with-dsym";
				ENABLE_NS_ASSERTIONS = NO;
				ENABLE_STRICT_OBJC_MSGSEND = YES;
				GCC_C_LANGUAGE_STANDARD = gnu11;
				GCC_NO_COMMON_BLOCKS = YES;
				GCC_WARN_64_TO_32_BIT_CONVERSION = YES;
				GCC_WARN_ABOUT_RETURN_TYPE = YES_ERROR;
				GCC_WARN_UNDECLARED_SELECTOR = YES;
				GCC_WARN_UNINITIALIZED_AUTOS = YES_AGGRESSIVE;
				GCC_WARN_UNUSED_FUNCTION = YES;
				GCC_WARN_UNUSED_VARIABLE = YES;
				IPHONEOS_DEPLOYMENT_TARGET = 13.2;
				MTL_ENABLE_DEBUG_INFO = NO;
				MTL_FAST_MATH = YES;
				SDKROOT = iphoneos;
				SWIFT_COMPILATION_MODE = wholemodule;
				SWIFT_OPTIMIZATION_LEVEL = "-O";
				VALIDATE_PRODUCT = YES;
			};
			name = Release;
		};
		182FABF9241E796C00388F3D /* Debug */ = {
			isa = XCBuildConfiguration;
			buildSettings = {
				ASSETCATALOG_COMPILER_APPICON_NAME = AppIcon;
				CODE_SIGN_STYLE = Automatic;
				DEVELOPMENT_TEAM = T94EV27U43;
				INFOPLIST_FILE = "NASA-NeoWs/Info.plist";
				LD_RUNPATH_SEARCH_PATHS = (
					"$(inherited)",
					"@executable_path/Frameworks",
				);
				PRODUCT_BUNDLE_IDENTIFIER = "com.rrInc.NASA-NeoWs";
				PRODUCT_NAME = "$(TARGET_NAME)";
				SWIFT_VERSION = 5.0;
				TARGETED_DEVICE_FAMILY = "1,2";
			};
			name = Debug;
		};
		182FABFA241E796C00388F3D /* Release */ = {
			isa = XCBuildConfiguration;
			buildSettings = {
				ASSETCATALOG_COMPILER_APPICON_NAME = AppIcon;
				CODE_SIGN_STYLE = Automatic;
				DEVELOPMENT_TEAM = T94EV27U43;
				INFOPLIST_FILE = "NASA-NeoWs/Info.plist";
				LD_RUNPATH_SEARCH_PATHS = (
					"$(inherited)",
					"@executable_path/Frameworks",
				);
				PRODUCT_BUNDLE_IDENTIFIER = "com.rrInc.NASA-NeoWs";
				PRODUCT_NAME = "$(TARGET_NAME)";
				SWIFT_VERSION = 5.0;
				TARGETED_DEVICE_FAMILY = "1,2";
			};
			name = Release;
		};
/* End XCBuildConfiguration section */

/* Begin XCConfigurationList section */
		182FABDF241E796A00388F3D /* Build configuration list for PBXProject "NASA-NeoWs" */ = {
			isa = XCConfigurationList;
			buildConfigurations = (
				182FABF6241E796C00388F3D /* Debug */,
				182FABF7241E796C00388F3D /* Release */,
			);
			defaultConfigurationIsVisible = 0;
			defaultConfigurationName = Release;
		};
		182FABF8241E796C00388F3D /* Build configuration list for PBXNativeTarget "NASA-NeoWs" */ = {
			isa = XCConfigurationList;
			buildConfigurations = (
				182FABF9241E796C00388F3D /* Debug */,
				182FABFA241E796C00388F3D /* Release */,
			);
			defaultConfigurationIsVisible = 0;
			defaultConfigurationName = Release;
		};
/* End XCConfigurationList section */
	};
	rootObject = 182FABDC241E796A00388F3D /* Project object */;
}
